// !$*UTF8*$!
{
	archiveVersion = 1;
	classes = {
	};
	objectVersion = 55;
	objects = {

/* Begin PBXBuildFile section */
		40E2B07B27CC034300B2A705 /* AppDelegate.swift in Sources */ = {isa = PBXBuildFile; fileRef = 40E2B07A27CC034300B2A705 /* AppDelegate.swift */; };
		40E2B07D27CC034300B2A705 /* SceneDelegate.swift in Sources */ = {isa = PBXBuildFile; fileRef = 40E2B07C27CC034300B2A705 /* SceneDelegate.swift */; };
		40E2B07F27CC034300B2A705 /* ViewController.swift in Sources */ = {isa = PBXBuildFile; fileRef = 40E2B07E27CC034300B2A705 /* ViewController.swift */; };
		40E2B08227CC034300B2A705 /* Main.storyboard in Resources */ = {isa = PBXBuildFile; fileRef = 40E2B08027CC034300B2A705 /* Main.storyboard */; };
		40E2B08427CC034400B2A705 /* Assets.xcassets in Resources */ = {isa = PBXBuildFile; fileRef = 40E2B08327CC034400B2A705 /* Assets.xcassets */; };
		40E2B08727CC034400B2A705 /* LaunchScreen.storyboard in Resources */ = {isa = PBXBuildFile; fileRef = 40E2B08527CC034400B2A705 /* LaunchScreen.storyboard */; };
		40E2B09227CC034400B2A705 /* ScreenTransitionExampleTests.swift in Sources */ = {isa = PBXBuildFile; fileRef = 40E2B09127CC034400B2A705 /* ScreenTransitionExampleTests.swift */; };
		40E2B09C27CC034400B2A705 /* ScreenTransitionExampleUITests.swift in Sources */ = {isa = PBXBuildFile; fileRef = 40E2B09B27CC034400B2A705 /* ScreenTransitionExampleUITests.swift */; };
		40E2B09E27CC034400B2A705 /* ScreenTransitionExampleUITestsLaunchTests.swift in Sources */ = {isa = PBXBuildFile; fileRef = 40E2B09D27CC034400B2A705 /* ScreenTransitionExampleUITestsLaunchTests.swift */; };
		40E2B0AB27CC1FF900B2A705 /* SuguePushViewController.swift in Sources */ = {isa = PBXBuildFile; fileRef = 40E2B0AA27CC1FF900B2A705 /* SuguePushViewController.swift */; };
		40E2B0AD27CC4E7000B2A705 /* SegurePresentViewController.swift in Sources */ = {isa = PBXBuildFile; fileRef = 40E2B0AC27CC4E7000B2A705 /* SegurePresentViewController.swift */; };
		40E4DEE327CC9D8900AAB81A /* CodePushViewController.swift in Sources */ = {isa = PBXBuildFile; fileRef = 40E4DEE227CC9D8900AAB81A /* CodePushViewController.swift */; };
		40E4DEE527CC9F1700AAB81A /* CodePresentViewController.swift in Sources */ = {isa = PBXBuildFile; fileRef = 40E4DEE427CC9F1700AAB81A /* CodePresentViewController.swift */; };
/* End PBXBuildFile section */

/* Begin PBXContainerItemProxy section */
		40E2B08E27CC034400B2A705 /* PBXContainerItemProxy */ = {
			isa = PBXContainerItemProxy;
			containerPortal = 40E2B06F27CC034300B2A705 /* Project object */;
			proxyType = 1;
			remoteGlobalIDString = 40E2B07627CC034300B2A705;
			remoteInfo = ScreenTransitionExample;
		};
		40E2B09827CC034400B2A705 /* PBXContainerItemProxy */ = {
			isa = PBXContainerItemProxy;
			containerPortal = 40E2B06F27CC034300B2A705 /* Project object */;
			proxyType = 1;
			remoteGlobalIDString = 40E2B07627CC034300B2A705;
			remoteInfo = ScreenTransitionExample;
		};
/* End PBXContainerItemProxy section */

/* Begin PBXFileReference section */
		40E2B07727CC034300B2A705 /* ScreenTransitionExample.app */ = {isa = PBXFileReference; explicitFileType = wrapper.application; includeInIndex = 0; path = ScreenTransitionExample.app; sourceTree = BUILT_PRODUCTS_DIR; };
		40E2B07A27CC034300B2A705 /* AppDelegate.swift */ = {isa = PBXFileReference; lastKnownFileType = sourcecode.swift; path = AppDelegate.swift; sourceTree = "<group>"; };
		40E2B07C27CC034300B2A705 /* SceneDelegate.swift */ = {isa = PBXFileReference; lastKnownFileType = sourcecode.swift; path = SceneDelegate.swift; sourceTree = "<group>"; };
		40E2B07E27CC034300B2A705 /* ViewController.swift */ = {isa = PBXFileReference; lastKnownFileType = sourcecode.swift; path = ViewController.swift; sourceTree = "<group>"; };
		40E2B08127CC034300B2A705 /* Base */ = {isa = PBXFileReference; lastKnownFileType = file.storyboard; name = Base; path = Base.lproj/Main.storyboard; sourceTree = "<group>"; };
		40E2B08327CC034400B2A705 /* Assets.xcassets */ = {isa = PBXFileReference; lastKnownFileType = folder.assetcatalog; path = Assets.xcassets; sourceTree = "<group>"; };
		40E2B08627CC034400B2A705 /* Base */ = {isa = PBXFileReference; lastKnownFileType = file.storyboard; name = Base; path = Base.lproj/LaunchScreen.storyboard; sourceTree = "<group>"; };
		40E2B08827CC034400B2A705 /* Info.plist */ = {isa = PBXFileReference; lastKnownFileType = text.plist.xml; path = Info.plist; sourceTree = "<group>"; };
		40E2B08D27CC034400B2A705 /* ScreenTransitionExampleTests.xctest */ = {isa = PBXFileReference; explicitFileType = wrapper.cfbundle; includeInIndex = 0; path = ScreenTransitionExampleTests.xctest; sourceTree = BUILT_PRODUCTS_DIR; };
		40E2B09127CC034400B2A705 /* ScreenTransitionExampleTests.swift */ = {isa = PBXFileReference; lastKnownFileType = sourcecode.swift; path = ScreenTransitionExampleTests.swift; sourceTree = "<group>"; };
		40E2B09727CC034400B2A705 /* ScreenTransitionExampleUITests.xctest */ = {isa = PBXFileReference; explicitFileType = wrapper.cfbundle; includeInIndex = 0; path = ScreenTransitionExampleUITests.xctest; sourceTree = BUILT_PRODUCTS_DIR; };
		40E2B09B27CC034400B2A705 /* ScreenTransitionExampleUITests.swift */ = {isa = PBXFileReference; lastKnownFileType = sourcecode.swift; path = ScreenTransitionExampleUITests.swift; sourceTree = "<group>"; };
		40E2B09D27CC034400B2A705 /* ScreenTransitionExampleUITestsLaunchTests.swift */ = {isa = PBXFileReference; lastKnownFileType = sourcecode.swift; path = ScreenTransitionExampleUITestsLaunchTests.swift; sourceTree = "<group>"; };
		40E2B0AA27CC1FF900B2A705 /* SuguePushViewController.swift */ = {isa = PBXFileReference; lastKnownFileType = sourcecode.swift; path = SuguePushViewController.swift; sourceTree = "<group>"; };
		40E2B0AC27CC4E7000B2A705 /* SegurePresentViewController.swift */ = {isa = PBXFileReference; lastKnownFileType = sourcecode.swift; path = SegurePresentViewController.swift; sourceTree = "<group>"; };
		40E4DEE227CC9D8900AAB81A /* CodePushViewController.swift */ = {isa = PBXFileReference; lastKnownFileType = sourcecode.swift; path = CodePushViewController.swift; sourceTree = "<group>"; };
		40E4DEE427CC9F1700AAB81A /* CodePresentViewController.swift */ = {isa = PBXFileReference; lastKnownFileType = sourcecode.swift; path = CodePresentViewController.swift; sourceTree = "<group>"; };
/* End PBXFileReference section */

/* Begin PBXFrameworksBuildPhase section */
		40E2B07427CC034300B2A705 /* Frameworks */ = {
			isa = PBXFrameworksBuildPhase;
			buildActionMask = 2147483647;
			files = (
			);
			runOnlyForDeploymentPostprocessing = 0;
		};
		40E2B08A27CC034400B2A705 /* Frameworks */ = {
			isa = PBXFrameworksBuildPhase;
			buildActionMask = 2147483647;
			files = (
			);
			runOnlyForDeploymentPostprocessing = 0;
		};
		40E2B09427CC034400B2A705 /* Frameworks */ = {
			isa = PBXFrameworksBuildPhase;
			buildActionMask = 2147483647;
			files = (
			);
			runOnlyForDeploymentPostprocessing = 0;
		};
/* End PBXFrameworksBuildPhase section */

/* Begin PBXGroup section */
		40E2B06E27CC034300B2A705 = {
			isa = PBXGroup;
			children = (
				40E2B07927CC034300B2A705 /* ScreenTransitionExample */,
				40E2B09027CC034400B2A705 /* ScreenTransitionExampleTests */,
				40E2B09A27CC034400B2A705 /* ScreenTransitionExampleUITests */,
				40E2B07827CC034300B2A705 /* Products */,
			);
			sourceTree = "<group>";
		};
		40E2B07827CC034300B2A705 /* Products */ = {
			isa = PBXGroup;
			children = (
				40E2B07727CC034300B2A705 /* ScreenTransitionExample.app */,
				40E2B08D27CC034400B2A705 /* ScreenTransitionExampleTests.xctest */,
				40E2B09727CC034400B2A705 /* ScreenTransitionExampleUITests.xctest */,
			);
			name = Products;
			sourceTree = "<group>";
		};
		40E2B07927CC034300B2A705 /* ScreenTransitionExample */ = {
			isa = PBXGroup;
			children = (
				40E2B07A27CC034300B2A705 /* AppDelegate.swift */,
				40E2B07C27CC034300B2A705 /* SceneDelegate.swift */,
				40E2B07E27CC034300B2A705 /* ViewController.swift */,
				40E2B08027CC034300B2A705 /* Main.storyboard */,
				40E2B08327CC034400B2A705 /* Assets.xcassets */,
				40E2B08527CC034400B2A705 /* LaunchScreen.storyboard */,
				40E2B08827CC034400B2A705 /* Info.plist */,
				40E2B0AA27CC1FF900B2A705 /* SuguePushViewController.swift */,
				40E2B0AC27CC4E7000B2A705 /* SegurePresentViewController.swift */,
				40E4DEE227CC9D8900AAB81A /* CodePushViewController.swift */,
				40E4DEE427CC9F1700AAB81A /* CodePresentViewController.swift */,
			);
			path = ScreenTransitionExample;
			sourceTree = "<group>";
		};
		40E2B09027CC034400B2A705 /* ScreenTransitionExampleTests */ = {
			isa = PBXGroup;
			children = (
				40E2B09127CC034400B2A705 /* ScreenTransitionExampleTests.swift */,
			);
			path = ScreenTransitionExampleTests;
			sourceTree = "<group>";
		};
		40E2B09A27CC034400B2A705 /* ScreenTransitionExampleUITests */ = {
			isa = PBXGroup;
			children = (
				40E2B09B27CC034400B2A705 /* ScreenTransitionExampleUITests.swift */,
				40E2B09D27CC034400B2A705 /* ScreenTransitionExampleUITestsLaunchTests.swift */,
			);
			path = ScreenTransitionExampleUITests;
			sourceTree = "<group>";
		};
/* End PBXGroup section */

/* Begin PBXNativeTarget section */
		40E2B07627CC034300B2A705 /* ScreenTransitionExample */ = {
			isa = PBXNativeTarget;
			buildConfigurationList = 40E2B0A127CC034400B2A705 /* Build configuration list for PBXNativeTarget "ScreenTransitionExample" */;
			buildPhases = (
				40E2B07327CC034300B2A705 /* Sources */,
				40E2B07427CC034300B2A705 /* Frameworks */,
				40E2B07527CC034300B2A705 /* Resources */,
			);
			buildRules = (
			);
			dependencies = (
			);
			name = ScreenTransitionExample;
			productName = ScreenTransitionExample;
			productReference = 40E2B07727CC034300B2A705 /* ScreenTransitionExample.app */;
			productType = "com.apple.product-type.application";
		};
		40E2B08C27CC034400B2A705 /* ScreenTransitionExampleTests */ = {
			isa = PBXNativeTarget;
			buildConfigurationList = 40E2B0A427CC034400B2A705 /* Build configuration list for PBXNativeTarget "ScreenTransitionExampleTests" */;
			buildPhases = (
				40E2B08927CC034400B2A705 /* Sources */,
				40E2B08A27CC034400B2A705 /* Frameworks */,
				40E2B08B27CC034400B2A705 /* Resources */,
			);
			buildRules = (
			);
			dependencies = (
				40E2B08F27CC034400B2A705 /* PBXTargetDependency */,
			);
			name = ScreenTransitionExampleTests;
			productName = ScreenTransitionExampleTests;
			productReference = 40E2B08D27CC034400B2A705 /* ScreenTransitionExampleTests.xctest */;
			productType = "com.apple.product-type.bundle.unit-test";
		};
		40E2B09627CC034400B2A705 /* ScreenTransitionExampleUITests */ = {
			isa = PBXNativeTarget;
			buildConfigurationList = 40E2B0A727CC034400B2A705 /* Build configuration list for PBXNativeTarget "ScreenTransitionExampleUITests" */;
			buildPhases = (
				40E2B09327CC034400B2A705 /* Sources */,
				40E2B09427CC034400B2A705 /* Frameworks */,
				40E2B09527CC034400B2A705 /* Resources */,
			);
			buildRules = (
			);
			dependencies = (
				40E2B09927CC034400B2A705 /* PBXTargetDependency */,
			);
			name = ScreenTransitionExampleUITests;
			productName = ScreenTransitionExampleUITests;
			productReference = 40E2B09727CC034400B2A705 /* ScreenTransitionExampleUITests.xctest */;
			productType = "com.apple.product-type.bundle.ui-testing";
		};
/* End PBXNativeTarget section */

/* Begin PBXProject section */
		40E2B06F27CC034300B2A705 /* Project object */ = {
			isa = PBXProject;
			attributes = {
				BuildIndependentTargetsInParallel = 1;
				LastSwiftUpdateCheck = 1320;
				LastUpgradeCheck = 1320;
				TargetAttributes = {
					40E2B07627CC034300B2A705 = {
						CreatedOnToolsVersion = 13.2.1;
					};
					40E2B08C27CC034400B2A705 = {
						CreatedOnToolsVersion = 13.2.1;
						TestTargetID = 40E2B07627CC034300B2A705;
					};
					40E2B09627CC034400B2A705 = {
						CreatedOnToolsVersion = 13.2.1;
						TestTargetID = 40E2B07627CC034300B2A705;
					};
				};
			};
			buildConfigurationList = 40E2B07227CC034300B2A705 /* Build configuration list for PBXProject "ScreenTransitionExample" */;
			compatibilityVersion = "Xcode 13.0";
			developmentRegion = en;
			hasScannedForEncodings = 0;
			knownRegions = (
				en,
				Base,
			);
			mainGroup = 40E2B06E27CC034300B2A705;
			productRefGroup = 40E2B07827CC034300B2A705 /* Products */;
			projectDirPath = "";
			projectRoot = "";
			targets = (
				40E2B07627CC034300B2A705 /* ScreenTransitionExample */,
				40E2B08C27CC034400B2A705 /* ScreenTransitionExampleTests */,
				40E2B09627CC034400B2A705 /* ScreenTransitionExampleUITests */,
			);
		};
/* End PBXProject section */

/* Begin PBXResourcesBuildPhase section */
		40E2B07527CC034300B2A705 /* Resources */ = {
			isa = PBXResourcesBuildPhase;
			buildActionMask = 2147483647;
			files = (
				40E2B08727CC034400B2A705 /* LaunchScreen.storyboard in Resources */,
				40E2B08427CC034400B2A705 /* Assets.xcassets in Resources */,
				40E2B08227CC034300B2A705 /* Main.storyboard in Resources */,
			);
			runOnlyForDeploymentPostprocessing = 0;
		};
		40E2B08B27CC034400B2A705 /* Resources */ = {
			isa = PBXResourcesBuildPhase;
			buildActionMask = 2147483647;
			files = (
			);
			runOnlyForDeploymentPostprocessing = 0;
		};
		40E2B09527CC034400B2A705 /* Resources */ = {
			isa = PBXResourcesBuildPhase;
			buildActionMask = 2147483647;
			files = (
			);
			runOnlyForDeploymentPostprocessing = 0;
		};
/* End PBXResourcesBuildPhase section */

/* Begin PBXSourcesBuildPhase section */
		40E2B07327CC034300B2A705 /* Sources */ = {
			isa = PBXSourcesBuildPhase;
			buildActionMask = 2147483647;
			files = (
				40E2B0AB27CC1FF900B2A705 /* SuguePushViewController.swift in Sources */,
				40E4DEE327CC9D8900AAB81A /* CodePushViewController.swift in Sources */,
				40E2B07F27CC034300B2A705 /* ViewController.swift in Sources */,
				40E2B0AD27CC4E7000B2A705 /* SegurePresentViewController.swift in Sources */,
				40E4DEE527CC9F1700AAB81A /* CodePresentViewController.swift in Sources */,
				40E2B07B27CC034300B2A705 /* AppDelegate.swift in Sources */,
				40E2B07D27CC034300B2A705 /* SceneDelegate.swift in Sources */,
			);
			runOnlyForDeploymentPostprocessing = 0;
		};
		40E2B08927CC034400B2A705 /* Sources */ = {
			isa = PBXSourcesBuildPhase;
			buildActionMask = 2147483647;
			files = (
				40E2B09227CC034400B2A705 /* ScreenTransitionExampleTests.swift in Sources */,
			);
			runOnlyForDeploymentPostprocessing = 0;
		};
		40E2B09327CC034400B2A705 /* Sources */ = {
			isa = PBXSourcesBuildPhase;
			buildActionMask = 2147483647;
			files = (
				40E2B09E27CC034400B2A705 /* ScreenTransitionExampleUITestsLaunchTests.swift in Sources */,
				40E2B09C27CC034400B2A705 /* ScreenTransitionExampleUITests.swift in Sources */,
			);
			runOnlyForDeploymentPostprocessing = 0;
		};
/* End PBXSourcesBuildPhase section */

/* Begin PBXTargetDependency section */
		40E2B08F27CC034400B2A705 /* PBXTargetDependency */ = {
			isa = PBXTargetDependency;
			target = 40E2B07627CC034300B2A705 /* ScreenTransitionExample */;
			targetProxy = 40E2B08E27CC034400B2A705 /* PBXContainerItemProxy */;
		};
		40E2B09927CC034400B2A705 /* PBXTargetDependency */ = {
			isa = PBXTargetDependency;
			target = 40E2B07627CC034300B2A705 /* ScreenTransitionExample */;
			targetProxy = 40E2B09827CC034400B2A705 /* PBXContainerItemProxy */;
		};
/* End PBXTargetDependency section */

/* Begin PBXVariantGroup section */
		40E2B08027CC034300B2A705 /* Main.storyboard */ = {
			isa = PBXVariantGroup;
			children = (
				40E2B08127CC034300B2A705 /* Base */,
			);
			name = Main.storyboard;
			sourceTree = "<group>";
		};
		40E2B08527CC034400B2A705 /* LaunchScreen.storyboard */ = {
			isa = PBXVariantGroup;
			children = (
				40E2B08627CC034400B2A705 /* Base */,
			);
			name = LaunchScreen.storyboard;
			sourceTree = "<group>";
		};
/* End PBXVariantGroup section */

/* Begin XCBuildConfiguration section */
		40E2B09F27CC034400B2A705 /* Debug */ = {
			isa = XCBuildConfiguration;
			buildSettings = {
				ALWAYS_SEARCH_USER_PATHS = NO;
				CLANG_ANALYZER_NONNULL = YES;
				CLANG_ANALYZER_NUMBER_OBJECT_CONVERSION = YES_AGGRESSIVE;
				CLANG_CXX_LANGUAGE_STANDARD = "gnu++17";
				CLANG_CXX_LIBRARY = "libc++";
				CLANG_ENABLE_MODULES = YES;
				CLANG_ENABLE_OBJC_ARC = YES;
				CLANG_ENABLE_OBJC_WEAK = YES;
				CLANG_WARN_BLOCK_CAPTURE_AUTORELEASING = YES;
				CLANG_WARN_BOOL_CONVERSION = YES;
				CLANG_WARN_COMMA = YES;
				CLANG_WARN_CONSTANT_CONVERSION = YES;
				CLANG_WARN_DEPRECATED_OBJC_IMPLEMENTATIONS = YES;
				CLANG_WARN_DIRECT_OBJC_ISA_USAGE = YES_ERROR;
				CLANG_WARN_DOCUMENTATION_COMMENTS = YES;
				CLANG_WARN_EMPTY_BODY = YES;
				CLANG_WARN_ENUM_CONVERSION = YES;
				CLANG_WARN_INFINITE_RECURSION = YES;
				CLANG_WARN_INT_CONVERSION = YES;
				CLANG_WARN_NON_LITERAL_NULL_CONVERSION = YES;
				CLANG_WARN_OBJC_IMPLICIT_RETAIN_SELF = YES;
				CLANG_WARN_OBJC_LITERAL_CONVERSION = YES;
				CLANG_WARN_OBJC_ROOT_CLASS = YES_ERROR;
				CLANG_WARN_QUOTED_INCLUDE_IN_FRAMEWORK_HEADER = YES;
				CLANG_WARN_RANGE_LOOP_ANALYSIS = YES;
				CLANG_WARN_STRICT_PROTOTYPES = YES;
				CLANG_WARN_SUSPICIOUS_MOVE = YES;
				CLANG_WARN_UNGUARDED_AVAILABILITY = YES_AGGRESSIVE;
				CLANG_WARN_UNREACHABLE_CODE = YES;
				CLANG_WARN__DUPLICATE_METHOD_MATCH = YES;
				COPY_PHASE_STRIP = NO;
				DEBUG_INFORMATION_FORMAT = dwarf;
				ENABLE_STRICT_OBJC_MSGSEND = YES;
				ENABLE_TESTABILITY = YES;
				GCC_C_LANGUAGE_STANDARD = gnu11;
				GCC_DYNAMIC_NO_PIC = NO;
				GCC_NO_COMMON_BLOCKS = YES;
				GCC_OPTIMIZATION_LEVEL = 0;
				GCC_PREPROCESSOR_DEFINITIONS = (
					"DEBUG=1",
					"$(inherited)",
				);
				GCC_WARN_64_TO_32_BIT_CONVERSION = YES;
				GCC_WARN_ABOUT_RETURN_TYPE = YES_ERROR;
				GCC_WARN_UNDECLARED_SELECTOR = YES;
				GCC_WARN_UNINITIALIZED_AUTOS = YES_AGGRESSIVE;
				GCC_WARN_UNUSED_FUNCTION = YES;
				GCC_WARN_UNUSED_VARIABLE = YES;
				IPHONEOS_DEPLOYMENT_TARGET = 15.2;
				MTL_ENABLE_DEBUG_INFO = INCLUDE_SOURCE;
				MTL_FAST_MATH = YES;
				ONLY_ACTIVE_ARCH = YES;
				SDKROOT = iphoneos;
				SWIFT_ACTIVE_COMPILATION_CONDITIONS = DEBUG;
				SWIFT_OPTIMIZATION_LEVEL = "-Onone";
			};
			name = Debug;
		};
		40E2B0A027CC034400B2A705 /* Release */ = {
			isa = XCBuildConfiguration;
			buildSettings = {
				ALWAYS_SEARCH_USER_PATHS = NO;
				CLANG_ANALYZER_NONNULL = YES;
				CLANG_ANALYZER_NUMBER_OBJECT_CONVERSION = YES_AGGRESSIVE;
				CLANG_CXX_LANGUAGE_STANDARD = "gnu++17";
				CLANG_CXX_LIBRARY = "libc++";
				CLANG_ENABLE_MODULES = YES;
				CLANG_ENABLE_OBJC_ARC = YES;
				CLANG_ENABLE_OBJC_WEAK = YES;
				CLANG_WARN_BLOCK_CAPTURE_AUTORELEASING = YES;
				CLANG_WARN_BOOL_CONVERSION = YES;
				CLANG_WARN_COMMA = YES;
				CLANG_WARN_CONSTANT_CONVERSION = YES;
				CLANG_WARN_DEPRECATED_OBJC_IMPLEMENTATIONS = YES;
				CLANG_WARN_DIRECT_OBJC_ISA_USAGE = YES_ERROR;
				CLANG_WARN_DOCUMENTATION_COMMENTS = YES;
				CLANG_WARN_EMPTY_BODY = YES;
				CLANG_WARN_ENUM_CONVERSION = YES;
				CLANG_WARN_INFINITE_RECURSION = YES;
				CLANG_WARN_INT_CONVERSION = YES;
				CLANG_WARN_NON_LITERAL_NULL_CONVERSION = YES;
				CLANG_WARN_OBJC_IMPLICIT_RETAIN_SELF = YES;
				CLANG_WARN_OBJC_LITERAL_CONVERSION = YES;
				CLANG_WARN_OBJC_ROOT_CLASS = YES_ERROR;
				CLANG_WARN_QUOTED_INCLUDE_IN_FRAMEWORK_HEADER = YES;
				CLANG_WARN_RANGE_LOOP_ANALYSIS = YES;
				CLANG_WARN_STRICT_PROTOTYPES = YES;
				CLANG_WARN_SUSPICIOUS_MOVE = YES;
				CLANG_WARN_UNGUARDED_AVAILABILITY = YES_AGGRESSIVE;
				CLANG_WARN_UNREACHABLE_CODE = YES;
				CLANG_WARN__DUPLICATE_METHOD_MATCH = YES;
				COPY_PHASE_STRIP = NO;
				DEBUG_INFORMATION_FORMAT = "dwarf-with-dsym";
				ENABLE_NS_ASSERTIONS = NO;
				ENABLE_STRICT_OBJC_MSGSEND = YES;
				GCC_C_LANGUAGE_STANDARD = gnu11;
				GCC_NO_COMMON_BLOCKS = YES;
				GCC_WARN_64_TO_32_BIT_CONVERSION = YES;
				GCC_WARN_ABOUT_RETURN_TYPE = YES_ERROR;
				GCC_WARN_UNDECLARED_SELECTOR = YES;
				GCC_WARN_UNINITIALIZED_AUTOS = YES_AGGRESSIVE;
				GCC_WARN_UNUSED_FUNCTION = YES;
				GCC_WARN_UNUSED_VARIABLE = YES;
				IPHONEOS_DEPLOYMENT_TARGET = 15.2;
				MTL_ENABLE_DEBUG_INFO = NO;
				MTL_FAST_MATH = YES;
				SDKROOT = iphoneos;
				SWIFT_COMPILATION_MODE = wholemodule;
				SWIFT_OPTIMIZATION_LEVEL = "-O";
				VALIDATE_PRODUCT = YES;
			};
			name = Release;
		};
		40E2B0A227CC034400B2A705 /* Debug */ = {
			isa = XCBuildConfiguration;
			buildSettings = {
				ASSETCATALOG_COMPILER_APPICON_NAME = AppIcon;
				ASSETCATALOG_COMPILER_GLOBAL_ACCENT_COLOR_NAME = AccentColor;
				CODE_SIGN_STYLE = Automatic;
				CURRENT_PROJECT_VERSION = 1;
				DEVELOPMENT_TEAM = 3RD4ZQV3AN;
				GENERATE_INFOPLIST_FILE = YES;
				INFOPLIST_FILE = ScreenTransitionExample/Info.plist;
				INFOPLIST_KEY_UIApplicationSupportsIndirectInputEvents = YES;
				INFOPLIST_KEY_UILaunchStoryboardName = LaunchScreen;
				INFOPLIST_KEY_UIMainStoryboardFile = Main;
				INFOPLIST_KEY_UISupportedInterfaceOrientations_iPad = "UIInterfaceOrientationPortrait UIInterfaceOrientationPortraitUpsideDown UIInterfaceOrientationLandscapeLeft UIInterfaceOrientationLandscapeRight";
				INFOPLIST_KEY_UISupportedInterfaceOrientations_iPhone = "UIInterfaceOrientationPortrait UIInterfaceOrientationLandscapeLeft UIInterfaceOrientationLandscapeRight";
				LD_RUNPATH_SEARCH_PATHS = (
					"$(inherited)",
					"@executable_path/Frameworks",
				);
				MARKETING_VERSION = 1.0;
				PRODUCT_BUNDLE_IDENTIFIER = "-com.seonho.ScreenTransitionExample";
				PRODUCT_NAME = "$(TARGET_NAME)";
				SWIFT_EMIT_LOC_STRINGS = YES;
				SWIFT_VERSION = 5.0;
				TARGETED_DEVICE_FAMILY = "1,2";
			};
			name = Debug;
		};
		40E2B0A327CC034400B2A705 /* Release */ = {
			isa = XCBuildConfiguration;
			buildSettings = {
				ASSETCATALOG_COMPILER_APPICON_NAME = AppIcon;
				ASSETCATALOG_COMPILER_GLOBAL_ACCENT_COLOR_NAME = AccentColor;
				CODE_SIGN_STYLE = Automatic;
				CURRENT_PROJECT_VERSION = 1;
				DEVELOPMENT_TEAM = 3RD4ZQV3AN;
				GENERATE_INFOPLIST_FILE = YES;
				INFOPLIST_FILE = ScreenTransitionExample/Info.plist;
				INFOPLIST_KEY_UIApplicationSupportsIndirectInputEvents = YES;
				INFOPLIST_KEY_UILaunchStoryboardName = LaunchScreen;
				INFOPLIST_KEY_UIMainStoryboardFile = Main;
				INFOPLIST_KEY_UISupportedInterfaceOrientations_iPad = "UIInterfaceOrientationPortrait UIInterfaceOrientationPortraitUpsideDown UIInterfaceOrientationLandscapeLeft UIInterfaceOrientationLandscapeRight";
				INFOPLIST_KEY_UISupportedInterfaceOrientations_iPhone = "UIInterfaceOrientationPortrait UIInterfaceOrientationLandscapeLeft UIInterfaceOrientationLandscapeRight";
				LD_RUNPATH_SEARCH_PATHS = (
					"$(inherited)",
					"@executable_path/Frameworks",
				);
				MARKETING_VERSION = 1.0;
				PRODUCT_BUNDLE_IDENTIFIER = "-com.seonho.ScreenTransitionExample";
				PRODUCT_NAME = "$(TARGET_NAME)";
				SWIFT_EMIT_LOC_STRINGS = YES;
				SWIFT_VERSION = 5.0;
				TARGETED_DEVICE_FAMILY = "1,2";
			};
			name = Release;
		};
		40E2B0A527CC034400B2A705 /* Debug */ = {
			isa = XCBuildConfiguration;
			buildSettings = {
				ALWAYS_EMBED_SWIFT_STANDARD_LIBRARIES = YES;
				BUNDLE_LOADER = "$(TEST_HOST)";
				CODE_SIGN_STYLE = Automatic;
				CURRENT_PROJECT_VERSION = 1;
				DEVELOPMENT_TEAM = 3RD4ZQV3AN;
				GENERATE_INFOPLIST_FILE = YES;
				IPHONEOS_DEPLOYMENT_TARGET = 15.2;
				MARKETING_VERSION = 1.0;
				PRODUCT_BUNDLE_IDENTIFIER = "-com.seonho.ScreenTransitionExampleTests";
				PRODUCT_NAME = "$(TARGET_NAME)";
				SWIFT_EMIT_LOC_STRINGS = NO;
				SWIFT_VERSION = 5.0;
				TARGETED_DEVICE_FAMILY = "1,2";
				TEST_HOST = "$(BUILT_PRODUCTS_DIR)/ScreenTransitionExample.app/ScreenTransitionExample";
			};
			name = Debug;
		};
		40E2B0A627CC034400B2A705 /* Release */ = {
			isa = XCBuildConfiguration;
			buildSettings = {
				ALWAYS_EMBED_SWIFT_STANDARD_LIBRARIES = YES;
				BUNDLE_LOADER = "$(TEST_HOST)";
				CODE_SIGN_STYLE = Automatic;
				CURRENT_PROJECT_VERSION = 1;
				DEVELOPMENT_TEAM = 3RD4ZQV3AN;
				GENERATE_INFOPLIST_FILE = YES;
				IPHONEOS_DEPLOYMENT_TARGET = 15.2;
				MARKETING_VERSION = 1.0;
				PRODUCT_BUNDLE_IDENTIFIER = "-com.seonho.ScreenTransitionExampleTests";
				PRODUCT_NAME = "$(TARGET_NAME)";
				SWIFT_EMIT_LOC_STRINGS = NO;
				SWIFT_VERSION = 5.0;
				TARGETED_DEVICE_FAMILY = "1,2";
				TEST_HOST = "$(BUILT_PRODUCTS_DIR)/ScreenTransitionExample.app/ScreenTransitionExample";
			};
			name = Release;
		};
		40E2B0A827CC034400B2A705 /* Debug */ = {
			isa = XCBuildConfiguration;
			buildSettings = {
				ALWAYS_EMBED_SWIFT_STANDARD_LIBRARIES = YES;
				CODE_SIGN_STYLE = Automatic;
				CURRENT_PROJECT_VERSION = 1;
				DEVELOPMENT_TEAM = 3RD4ZQV3AN;
				GENERATE_INFOPLIST_FILE = YES;
				MARKETING_VERSION = 1.0;
				PRODUCT_BUNDLE_IDENTIFIER = "-com.seonho.ScreenTransitionExampleUITests";
				PRODUCT_NAME = "$(TARGET_NAME)";
				SWIFT_EMIT_LOC_STRINGS = NO;
				SWIFT_VERSION = 5.0;
				TARGETED_DEVICE_FAMILY = "1,2";
				TEST_TARGET_NAME = ScreenTransitionExample;
			};
			name = Debug;
		};
		40E2B0A927CC034400B2A705 /* Release */ = {
			isa = XCBuildConfiguration;
			buildSettings = {
				ALWAYS_EMBED_SWIFT_STANDARD_LIBRARIES = YES;
				CODE_SIGN_STYLE = Automatic;
				CURRENT_PROJECT_VERSION = 1;
				DEVELOPMENT_TEAM = 3RD4ZQV3AN;
				GENERATE_INFOPLIST_FILE = YES;
				MARKETING_VERSION = 1.0;
				PRODUCT_BUNDLE_IDENTIFIER = "-com.seonho.ScreenTransitionExampleUITests";
				PRODUCT_NAME = "$(TARGET_NAME)";
				SWIFT_EMIT_LOC_STRINGS = NO;
				SWIFT_VERSION = 5.0;
				TARGETED_DEVICE_FAMILY = "1,2";
				TEST_TARGET_NAME = ScreenTransitionExample;
			};
			name = Release;
		};
/* End XCBuildConfiguration section */

/* Begin XCConfigurationList section */
		40E2B07227CC034300B2A705 /* Build configuration list for PBXProject "ScreenTransitionExample" */ = {
			isa = XCConfigurationList;
			buildConfigurations = (
				40E2B09F27CC034400B2A705 /* Debug */,
				40E2B0A027CC034400B2A705 /* Release */,
			);
			defaultConfigurationIsVisible = 0;
			defaultConfigurationName = Release;
		};
		40E2B0A127CC034400B2A705 /* Build configuration list for PBXNativeTarget "ScreenTransitionExample" */ = {
			isa = XCConfigurationList;
			buildConfigurations = (
				40E2B0A227CC034400B2A705 /* Debug */,
				40E2B0A327CC034400B2A705 /* Release */,
			);
			defaultConfigurationIsVisible = 0;
			defaultConfigurationName = Release;
		};
		40E2B0A427CC034400B2A705 /* Build configuration list for PBXNativeTarget "ScreenTransitionExampleTests" */ = {
			isa = XCConfigurationList;
			buildConfigurations = (
				40E2B0A527CC034400B2A705 /* Debug */,
				40E2B0A627CC034400B2A705 /* Release */,
			);
			defaultConfigurationIsVisible = 0;
			defaultConfigurationName = Release;
		};
		40E2B0A727CC034400B2A705 /* Build configuration list for PBXNativeTarget "ScreenTransitionExampleUITests" */ = {
			isa = XCConfigurationList;
			buildConfigurations = (
				40E2B0A827CC034400B2A705 /* Debug */,
				40E2B0A927CC034400B2A705 /* Release */,
			);
			defaultConfigurationIsVisible = 0;
			defaultConfigurationName = Release;
		};
/* End XCConfigurationList section */
	};
	rootObject = 40E2B06F27CC034300B2A705 /* Project object */;
}
